
Microsoft Visual Studio Solution File, Format Version 12.00
# Visual Studio 2012
Project("{D954291E-2A0B-460D-934E-DC6B0785DB48}") = "JavaTest", "JavaTest\JavaTest.shproj", "{FE7077F4-A73A-4420-AF05-560669039405}"
EndProject
Project("{FAE04EC0-301F-11D3-BF4B-00C04F79EFBC}") = "JavaTest.Droid", "Droid\JavaTest.Droid.csproj", "{4C5ADC84-92DB-4822-9D94-63987BE75074}"
EndProject
Global
	GlobalSection(SolutionConfigurationPlatforms) = preSolution
		Debug|Any CPU = Debug|Any CPU
		Release|Any CPU = Release|Any CPU
	EndGlobalSection
	GlobalSection(ProjectConfigurationPlatforms) = postSolution
		{4C5ADC84-92DB-4822-9D94-63987BE75074}.Debug|Any CPU.ActiveCfg = Debug|Any CPU
		{4C5ADC84-92DB-4822-9D94-63987BE75074}.Debug|Any CPU.Build.0 = Debug|Any CPU
		{4C5ADC84-92DB-4822-9D94-63987BE75074}.Release|Any CPU.ActiveCfg = Release|Any CPU
		{4C5ADC84-92DB-4822-9D94-63987BE75074}.Release|Any CPU.Build.0 = Release|Any CPU
	EndGlobalSection
EndGlobal
